// !$*UTF8*$!
{
	archiveVersion = 1;
	classes = {
	};
	objectVersion = 46;
	objects = {

/* Begin PBXBuildFile section */
		530C2EA61BF5C2B1000388D3 /* main.m in Sources */ = {isa = PBXBuildFile; fileRef = 530C2EA51BF5C2B1000388D3 /* main.m */; };
		530C2EA91BF5C2B1000388D3 /* AppDelegate.m in Sources */ = {isa = PBXBuildFile; fileRef = 530C2EA81BF5C2B1000388D3 /* AppDelegate.m */; };
		530C2EAC1BF5C2B1000388D3 /* ViewController.m in Sources */ = {isa = PBXBuildFile; fileRef = 530C2EAB1BF5C2B1000388D3 /* ViewController.m */; };
		530C2EAF1BF5C2B1000388D3 /* Main.storyboard in Resources */ = {isa = PBXBuildFile; fileRef = 530C2EAD1BF5C2B1000388D3 /* Main.storyboard */; };
		530C2EB11BF5C2B1000388D3 /* Assets.xcassets in Resources */ = {isa = PBXBuildFile; fileRef = 530C2EB01BF5C2B1000388D3 /* Assets.xcassets */; };
		530C2EB41BF5C2B1000388D3 /* LaunchScreen.storyboard in Resources */ = {isa = PBXBuildFile; fileRef = 530C2EB21BF5C2B1000388D3 /* LaunchScreen.storyboard */; };
		530C2EBF1BF5C2B1000388D3 /* DataStoreTests.m in Sources */ = {isa = PBXBuildFile; fileRef = 530C2EBE1BF5C2B1000388D3 /* DataStoreTests.m */; };
		530C2ECA1BF5C2B1000388D3 /* DataStoreUITests.m in Sources */ = {isa = PBXBuildFile; fileRef = 530C2EC91BF5C2B1000388D3 /* DataStoreUITests.m */; };
		530C2ED91BF5C46F000388D3 /* CHKeychain.m in Sources */ = {isa = PBXBuildFile; fileRef = 530C2ED81BF5C46F000388D3 /* CHKeychain.m */; };
/* End PBXBuildFile section */

/* Begin PBXContainerItemProxy section */
		530C2EBB1BF5C2B1000388D3 /* PBXContainerItemProxy */ = {
			isa = PBXContainerItemProxy;
			containerPortal = 530C2E991BF5C2B1000388D3 /* Project object */;
			proxyType = 1;
			remoteGlobalIDString = 530C2EA01BF5C2B1000388D3;
			remoteInfo = DataStore;
		};
		530C2EC61BF5C2B1000388D3 /* PBXContainerItemProxy */ = {
			isa = PBXContainerItemProxy;
			containerPortal = 530C2E991BF5C2B1000388D3 /* Project object */;
			proxyType = 1;
			remoteGlobalIDString = 530C2EA01BF5C2B1000388D3;
			remoteInfo = DataStore;
		};
/* End PBXContainerItemProxy section */

/* Begin PBXFileReference section */
		530C2EA11BF5C2B1000388D3 /* DataStore.app */ = {isa = PBXFileReference; explicitFileType = wrapper.application; includeInIndex = 0; path = DataStore.app; sourceTree = BUILT_PRODUCTS_DIR; };
		530C2EA51BF5C2B1000388D3 /* main.m */ = {isa = PBXFileReference; lastKnownFileType = sourcecode.c.objc; path = main.m; sourceTree = "<group>"; };
		530C2EA71BF5C2B1000388D3 /* AppDelegate.h */ = {isa = PBXFileReference; lastKnownFileType = sourcecode.c.h; path = AppDelegate.h; sourceTree = "<group>"; };
		530C2EA81BF5C2B1000388D3 /* AppDelegate.m */ = {isa = PBXFileReference; lastKnownFileType = sourcecode.c.objc; path = AppDelegate.m; sourceTree = "<group>"; };
		530C2EAA1BF5C2B1000388D3 /* ViewController.h */ = {isa = PBXFileReference; lastKnownFileType = sourcecode.c.h; path = ViewController.h; sourceTree = "<group>"; };
		530C2EAB1BF5C2B1000388D3 /* ViewController.m */ = {isa = PBXFileReference; lastKnownFileType = sourcecode.c.objc; path = ViewController.m; sourceTree = "<group>"; };
		530C2EAE1BF5C2B1000388D3 /* Base */ = {isa = PBXFileReference; lastKnownFileType = file.storyboard; name = Base; path = Base.lproj/Main.storyboard; sourceTree = "<group>"; };
		530C2EB01BF5C2B1000388D3 /* Assets.xcassets */ = {isa = PBXFileReference; lastKnownFileType = folder.assetcatalog; path = Assets.xcassets; sourceTree = "<group>"; };
		530C2EB31BF5C2B1000388D3 /* Base */ = {isa = PBXFileReference; lastKnownFileType = file.storyboard; name = Base; path = Base.lproj/LaunchScreen.storyboard; sourceTree = "<group>"; };
		530C2EB51BF5C2B1000388D3 /* Info.plist */ = {isa = PBXFileReference; lastKnownFileType = text.plist.xml; path = Info.plist; sourceTree = "<group>"; };
		530C2EBA1BF5C2B1000388D3 /* DataStoreTests.xctest */ = {isa = PBXFileReference; explicitFileType = wrapper.cfbundle; includeInIndex = 0; path = DataStoreTests.xctest; sourceTree = BUILT_PRODUCTS_DIR; };
		530C2EBE1BF5C2B1000388D3 /* DataStoreTests.m */ = {isa = PBXFileReference; lastKnownFileType = sourcecode.c.objc; path = DataStoreTests.m; sourceTree = "<group>"; };
		530C2EC01BF5C2B1000388D3 /* Info.plist */ = {isa = PBXFileReference; lastKnownFileType = text.plist.xml; path = Info.plist; sourceTree = "<group>"; };
		530C2EC51BF5C2B1000388D3 /* DataStoreUITests.xctest */ = {isa = PBXFileReference; explicitFileType = wrapper.cfbundle; includeInIndex = 0; path = DataStoreUITests.xctest; sourceTree = BUILT_PRODUCTS_DIR; };
		530C2EC91BF5C2B1000388D3 /* DataStoreUITests.m */ = {isa = PBXFileReference; lastKnownFileType = sourcecode.c.objc; path = DataStoreUITests.m; sourceTree = "<group>"; };
		530C2ECB1BF5C2B1000388D3 /* Info.plist */ = {isa = PBXFileReference; lastKnownFileType = text.plist.xml; path = Info.plist; sourceTree = "<group>"; };
		530C2ED71BF5C46F000388D3 /* CHKeychain.h */ = {isa = PBXFileReference; fileEncoding = 4; lastKnownFileType = sourcecode.c.h; path = CHKeychain.h; sourceTree = "<group>"; };
		530C2ED81BF5C46F000388D3 /* CHKeychain.m */ = {isa = PBXFileReference; fileEncoding = 4; lastKnownFileType = sourcecode.c.objc; path = CHKeychain.m; sourceTree = "<group>"; };
/* End PBXFileReference section */

/* Begin PBXFrameworksBuildPhase section */
		530C2E9E1BF5C2B1000388D3 /* Frameworks */ = {
			isa = PBXFrameworksBuildPhase;
			buildActionMask = 2147483647;
			files = (
			);
			runOnlyForDeploymentPostprocessing = 0;
		};
		530C2EB71BF5C2B1000388D3 /* Frameworks */ = {
			isa = PBXFrameworksBuildPhase;
			buildActionMask = 2147483647;
			files = (
			);
			runOnlyForDeploymentPostprocessing = 0;
		};
		530C2EC21BF5C2B1000388D3 /* Frameworks */ = {
			isa = PBXFrameworksBuildPhase;
			buildActionMask = 2147483647;
			files = (
			);
			runOnlyForDeploymentPostprocessing = 0;
		};
/* End PBXFrameworksBuildPhase section */

/* Begin PBXGroup section */
		530C2E981BF5C2B1000388D3 = {
			isa = PBXGroup;
			children = (
				530C2EA31BF5C2B1000388D3 /* DataStore */,
				530C2EBD1BF5C2B1000388D3 /* DataStoreTests */,
				530C2EC81BF5C2B1000388D3 /* DataStoreUITests */,
				530C2EA21BF5C2B1000388D3 /* Products */,
			);
			sourceTree = "<group>";
		};
		530C2EA21BF5C2B1000388D3 /* Products */ = {
			isa = PBXGroup;
			children = (
				530C2EA11BF5C2B1000388D3 /* DataStore.app */,
				530C2EBA1BF5C2B1000388D3 /* DataStoreTests.xctest */,
				530C2EC51BF5C2B1000388D3 /* DataStoreUITests.xctest */,
			);
			name = Products;
			sourceTree = "<group>";
		};
		530C2EA31BF5C2B1000388D3 /* DataStore */ = {
			isa = PBXGroup;
			children = (
				530C2ED71BF5C46F000388D3 /* CHKeychain.h */,
				530C2ED81BF5C46F000388D3 /* CHKeychain.m */,
				530C2EA71BF5C2B1000388D3 /* AppDelegate.h */,
				530C2EA81BF5C2B1000388D3 /* AppDelegate.m */,
				530C2EAA1BF5C2B1000388D3 /* ViewController.h */,
				530C2EAB1BF5C2B1000388D3 /* ViewController.m */,
				530C2EAD1BF5C2B1000388D3 /* Main.storyboard */,
				530C2EB01BF5C2B1000388D3 /* Assets.xcassets */,
				530C2EB21BF5C2B1000388D3 /* LaunchScreen.storyboard */,
				530C2EB51BF5C2B1000388D3 /* Info.plist */,
				530C2EA41BF5C2B1000388D3 /* Supporting Files */,
			);
			path = DataStore;
			sourceTree = "<group>";
		};
		530C2EA41BF5C2B1000388D3 /* Supporting Files */ = {
			isa = PBXGroup;
			children = (
				530C2EA51BF5C2B1000388D3 /* main.m */,
			);
			name = "Supporting Files";
			sourceTree = "<group>";
		};
		530C2EBD1BF5C2B1000388D3 /* DataStoreTests */ = {
			isa = PBXGroup;
			children = (
				530C2EBE1BF5C2B1000388D3 /* DataStoreTests.m */,
				530C2EC01BF5C2B1000388D3 /* Info.plist */,
			);
			path = DataStoreTests;
			sourceTree = "<group>";
		};
		530C2EC81BF5C2B1000388D3 /* DataStoreUITests */ = {
			isa = PBXGroup;
			children = (
				530C2EC91BF5C2B1000388D3 /* DataStoreUITests.m */,
				530C2ECB1BF5C2B1000388D3 /* Info.plist */,
			);
			path = DataStoreUITests;
			sourceTree = "<group>";
		};
/* End PBXGroup section */

/* Begin PBXNativeTarget section */
		530C2EA01BF5C2B1000388D3 /* DataStore */ = {
			isa = PBXNativeTarget;
			buildConfigurationList = 530C2ECE1BF5C2B1000388D3 /* Build configuration list for PBXNativeTarget "DataStore" */;
			buildPhases = (
				530C2E9D1BF5C2B1000388D3 /* Sources */,
				530C2E9E1BF5C2B1000388D3 /* Frameworks */,
				530C2E9F1BF5C2B1000388D3 /* Resources */,
			);
			buildRules = (
			);
			dependencies = (
			);
			name = DataStore;
			productName = DataStore;
			productReference = 530C2EA11BF5C2B1000388D3 /* DataStore.app */;
			productType = "com.apple.product-type.application";
		};
		530C2EB91BF5C2B1000388D3 /* DataStoreTests */ = {
			isa = PBXNativeTarget;
			buildConfigurationList = 530C2ED11BF5C2B1000388D3 /* Build configuration list for PBXNativeTarget "DataStoreTests" */;
			buildPhases = (
				530C2EB61BF5C2B1000388D3 /* Sources */,
				530C2EB71BF5C2B1000388D3 /* Frameworks */,
				530C2EB81BF5C2B1000388D3 /* Resources */,
			);
			buildRules = (
			);
			dependencies = (
				530C2EBC1BF5C2B1000388D3 /* PBXTargetDependency */,
			);
			name = DataStoreTests;
			productName = DataStoreTests;
			productReference = 530C2EBA1BF5C2B1000388D3 /* DataStoreTests.xctest */;
			productType = "com.apple.product-type.bundle.unit-test";
		};
		530C2EC41BF5C2B1000388D3 /* DataStoreUITests */ = {
			isa = PBXNativeTarget;
			buildConfigurationList = 530C2ED41BF5C2B1000388D3 /* Build configuration list for PBXNativeTarget "DataStoreUITests" */;
			buildPhases = (
				530C2EC11BF5C2B1000388D3 /* Sources */,
				530C2EC21BF5C2B1000388D3 /* Frameworks */,
				530C2EC31BF5C2B1000388D3 /* Resources */,
			);
			buildRules = (
			);
			dependencies = (
				530C2EC71BF5C2B1000388D3 /* PBXTargetDependency */,
			);
			name = DataStoreUITests;
			productName = DataStoreUITests;
			productReference = 530C2EC51BF5C2B1000388D3 /* DataStoreUITests.xctest */;
			productType = "com.apple.product-type.bundle.ui-testing";
		};
/* End PBXNativeTarget section */

/* Begin PBXProject section */
		530C2E991BF5C2B1000388D3 /* Project object */ = {
			isa = PBXProject;
			attributes = {
				LastUpgradeCheck = 0710;
				ORGANIZATIONNAME = TC;
				TargetAttributes = {
					530C2EA01BF5C2B1000388D3 = {
						CreatedOnToolsVersion = 7.1;
					};
					530C2EB91BF5C2B1000388D3 = {
						CreatedOnToolsVersion = 7.1;
						TestTargetID = 530C2EA01BF5C2B1000388D3;
					};
					530C2EC41BF5C2B1000388D3 = {
						CreatedOnToolsVersion = 7.1;
						TestTargetID = 530C2EA01BF5C2B1000388D3;
					};
				};
			};
			buildConfigurationList = 530C2E9C1BF5C2B1000388D3 /* Build configuration list for PBXProject "DataStore" */;
			compatibilityVersion = "Xcode 3.2";
			developmentRegion = English;
			hasScannedForEncodings = 0;
			knownRegions = (
				en,
				Base,
			);
			mainGroup = 530C2E981BF5C2B1000388D3;
			productRefGroup = 530C2EA21BF5C2B1000388D3 /* Products */;
			projectDirPath = "";
			projectRoot = "";
			targets = (
				530C2EA01BF5C2B1000388D3 /* DataStore */,
				530C2EB91BF5C2B1000388D3 /* DataStoreTests */,
				530C2EC41BF5C2B1000388D3 /* DataStoreUITests */,
			);
		};
/* End PBXProject section */

/* Begin PBXResourcesBuildPhase section */
		530C2E9F1BF5C2B1000388D3 /* Resources */ = {
			isa = PBXResourcesBuildPhase;
			buildActionMask = 2147483647;
			files = (
				530C2EB41BF5C2B1000388D3 /* LaunchScreen.storyboard in Resources */,
				530C2EB11BF5C2B1000388D3 /* Assets.xcassets in Resources */,
				530C2EAF1BF5C2B1000388D3 /* Main.storyboard in Resources */,
			);
			runOnlyForDeploymentPostprocessing = 0;
		};
		530C2EB81BF5C2B1000388D3 /* Resources */ = {
			isa = PBXResourcesBuildPhase;
			buildActionMask = 2147483647;
			files = (
			);
			runOnlyForDeploymentPostprocessing = 0;
		};
		530C2EC31BF5C2B1000388D3 /* Resources */ = {
			isa = PBXResourcesBuildPhase;
			buildActionMask = 2147483647;
			files = (
			);
			runOnlyForDeploymentPostprocessing = 0;
		};
/* End PBXResourcesBuildPhase section */

/* Begin PBXSourcesBuildPhase section */
		530C2E9D1BF5C2B1000388D3 /* Sources */ = {
			isa = PBXSourcesBuildPhase;
			buildActionMask = 2147483647;
			files = (
				530C2EAC1BF5C2B1000388D3 /* ViewController.m in Sources */,
				530C2EA91BF5C2B1000388D3 /* AppDelegate.m in Sources */,
				530C2ED91BF5C46F000388D3 /* CHKeychain.m in Sources */,
				530C2EA61BF5C2B1000388D3 /* main.m in Sources */,
			);
			runOnlyForDeploymentPostprocessing = 0;
		};
		530C2EB61BF5C2B1000388D3 /* Sources */ = {
			isa = PBXSourcesBuildPhase;
			buildActionMask = 2147483647;
			files = (
				530C2EBF1BF5C2B1000388D3 /* DataStoreTests.m in Sources */,
			);
			runOnlyForDeploymentPostprocessing = 0;
		};
		530C2EC11BF5C2B1000388D3 /* Sources */ = {
			isa = PBXSourcesBuildPhase;
			buildActionMask = 2147483647;
			files = (
				530C2ECA1BF5C2B1000388D3 /* DataStoreUITests.m in Sources */,
			);
			runOnlyForDeploymentPostprocessing = 0;
		};
/* End PBXSourcesBuildPhase section */

/* Begin PBXTargetDependency section */
		530C2EBC1BF5C2B1000388D3 /* PBXTargetDependency */ = {
			isa = PBXTargetDependency;
			target = 530C2EA01BF5C2B1000388D3 /* DataStore */;
			targetProxy = 530C2EBB1BF5C2B1000388D3 /* PBXContainerItemProxy */;
		};
		530C2EC71BF5C2B1000388D3 /* PBXTargetDependency */ = {
			isa = PBXTargetDependency;
			target = 530C2EA01BF5C2B1000388D3 /* DataStore */;
			targetProxy = 530C2EC61BF5C2B1000388D3 /* PBXContainerItemProxy */;
		};
/* End PBXTargetDependency section */

/* Begin PBXVariantGroup section */
		530C2EAD1BF5C2B1000388D3 /* Main.storyboard */ = {
			isa = PBXVariantGroup;
			children = (
				530C2EAE1BF5C2B1000388D3 /* Base */,
			);
			name = Main.storyboard;
			sourceTree = "<group>";
		};
		530C2EB21BF5C2B1000388D3 /* LaunchScreen.storyboard */ = {
			isa = PBXVariantGroup;
			children = (
				530C2EB31BF5C2B1000388D3 /* Base */,
			);
			name = LaunchScreen.storyboard;
			sourceTree = "<group>";
		};
/* End PBXVariantGroup section */

/* Begin XCBuildConfiguration section */
		530C2ECC1BF5C2B1000388D3 /* Debug */ = {
			isa = XCBuildConfiguration;
			buildSettings = {
				ALWAYS_SEARCH_USER_PATHS = NO;
				CLANG_CXX_LANGUAGE_STANDARD = "gnu++0x";
				CLANG_CXX_LIBRARY = "libc++";
				CLANG_ENABLE_MODULES = YES;
				CLANG_ENABLE_OBJC_ARC = YES;
				CLANG_WARN_BOOL_CONVERSION = YES;
				CLANG_WARN_CONSTANT_CONVERSION = YES;
				CLANG_WARN_DIRECT_OBJC_ISA_USAGE = YES_ERROR;
				CLANG_WARN_EMPTY_BODY = YES;
				CLANG_WARN_ENUM_CONVERSION = YES;
				CLANG_WARN_INT_CONVERSION = YES;
				CLANG_WARN_OBJC_ROOT_CLASS = YES_ERROR;
				CLANG_WARN_UNREACHABLE_CODE = YES;
				CLANG_WARN__DUPLICATE_METHOD_MATCH = YES;
				"CODE_SIGN_IDENTITY[sdk=iphoneos*]" = "iPhone Developer";
				COPY_PHASE_STRIP = NO;
				DEBUG_INFORMATION_FORMAT = dwarf;
				ENABLE_STRICT_OBJC_MSGSEND = YES;
				ENABLE_TESTABILITY = YES;
				GCC_C_LANGUAGE_STANDARD = gnu99;
				GCC_DYNAMIC_NO_PIC = NO;
				GCC_NO_COMMON_BLOCKS = YES;
				GCC_OPTIMIZATION_LEVEL = 0;
				GCC_PREPROCESSOR_DEFINITIONS = (
					"DEBUG=1",
					"$(inherited)",
				);
				GCC_WARN_64_TO_32_BIT_CONVERSION = YES;
				GCC_WARN_ABOUT_RETURN_TYPE = YES_ERROR;
				GCC_WARN_UNDECLARED_SELECTOR = YES;
				GCC_WARN_UNINITIALIZED_AUTOS = YES_AGGRESSIVE;
				GCC_WARN_UNUSED_FUNCTION = YES;
				GCC_WARN_UNUSED_VARIABLE = YES;
				IPHONEOS_DEPLOYMENT_TARGET = 9.1;
				MTL_ENABLE_DEBUG_INFO = YES;
				ONLY_ACTIVE_ARCH = YES;
				SDKROOT = iphoneos;
				TARGETED_DEVICE_FAMILY = "1,2";
			};
			name = Debug;
		};
		530C2ECD1BF5C2B1000388D3 /* Release */ = {
			isa = XCBuildConfiguration;
			buildSettings = {
				ALWAYS_SEARCH_USER_PATHS = NO;
				CLANG_CXX_LANGUAGE_STANDARD = "gnu++0x";
				CLANG_CXX_LIBRARY = "libc++";
				CLANG_ENABLE_MODULES = YES;
				CLANG_ENABLE_OBJC_ARC = YES;
				CLANG_WARN_BOOL_CONVERSION = YES;
				CLANG_WARN_CONSTANT_CONVERSION = YES;
				CLANG_WARN_DIRECT_OBJC_ISA_USAGE = YES_ERROR;
				CLANG_WARN_EMPTY_BODY = YES;
				CLANG_WARN_ENUM_CONVERSION = YES;
				CLANG_WARN_INT_CONVERSION = YES;
				CLANG_WARN_OBJC_ROOT_CLASS = YES_ERROR;
				CLANG_WARN_UNREACHABLE_CODE = YES;
				CLANG_WARN__DUPLICATE_METHOD_MATCH = YES;
				"CODE_SIGN_IDENTITY[sdk=iphoneos*]" = "iPhone Developer";
				COPY_PHASE_STRIP = NO;
				DEBUG_INFORMATION_FORMAT = "dwarf-with-dsym";
				ENABLE_NS_ASSERTIONS = NO;
				ENABLE_STRICT_OBJC_MSGSEND = YES;
				GCC_C_LANGUAGE_STANDARD = gnu99;
				GCC_NO_COMMON_BLOCKS = YES;
				GCC_WARN_64_TO_32_BIT_CONVERSION = YES;
				GCC_WARN_ABOUT_RETURN_TYPE = YES_ERROR;
				GCC_WARN_UNDECLARED_SELECTOR = YES;
				GCC_WARN_UNINITIALIZED_AUTOS = YES_AGGRESSIVE;
				GCC_WARN_UNUSED_FUNCTION = YES;
				GCC_WARN_UNUSED_VARIABLE = YES;
				IPHONEOS_DEPLOYMENT_TARGET = 9.1;
				MTL_ENABLE_DEBUG_INFO = NO;
				SDKROOT = iphoneos;
				TARGETED_DEVICE_FAMILY = "1,2";
				VALIDATE_PRODUCT = YES;
			};
			name = Release;
		};
		530C2ECF1BF5C2B1000388D3 /* Debug */ = {
			isa = XCBuildConfiguration;
			buildSettings = {
				ASSETCATALOG_COMPILER_APPICON_NAME = AppIcon;
				INFOPLIST_FILE = DataStore/Info.plist;
				LD_RUNPATH_SEARCH_PATHS = "$(inherited) @executable_path/Frameworks";
				PRODUCT_BUNDLE_IDENTIFIER = TC.DataStore;
				PRODUCT_NAME = "$(TARGET_NAME)";
			};
			name = Debug;
		};
		530C2ED01BF5C2B1000388D3 /* Release */ = {
			isa = XCBuildConfiguration;
			buildSettings = {
				ASSETCATALOG_COMPILER_APPICON_NAME = AppIcon;
				INFOPLIST_FILE = DataStore/Info.plist;
				LD_RUNPATH_SEARCH_PATHS = "$(inherited) @executable_path/Frameworks";
				PRODUCT_BUNDLE_IDENTIFIER = TC.DataStore;
				PRODUCT_NAME = "$(TARGET_NAME)";
			};
			name = Release;
		};
		530C2ED21BF5C2B1000388D3 /* Debug */ = {
			isa = XCBuildConfiguration;
			buildSettings = {
				BUNDLE_LOADER = "$(TEST_HOST)";
				INFOPLIST_FILE = DataStoreTests/Info.plist;
				LD_RUNPATH_SEARCH_PATHS = "$(inherited) @executable_path/Frameworks @loader_path/Frameworks";
				PRODUCT_BUNDLE_IDENTIFIER = TC.DataStoreTests;
				PRODUCT_NAME = "$(TARGET_NAME)";
				TEST_HOST = "$(BUILT_PRODUCTS_DIR)/DataStore.app/DataStore";
			};
			name = Debug;
		};
		530C2ED31BF5C2B1000388D3 /* Release */ = {
			isa = XCBuildConfiguration;
			buildSettings = {
				BUNDLE_LOADER = "$(TEST_HOST)";
				INFOPLIST_FILE = DataStoreTests/Info.plist;
				LD_RUNPATH_SEARCH_PATHS = "$(inherited) @executable_path/Frameworks @loader_path/Frameworks";
				PRODUCT_BUNDLE_IDENTIFIER = TC.DataStoreTests;
				PRODUCT_NAME = "$(TARGET_NAME)";
				TEST_HOST = "$(BUILT_PRODUCTS_DIR)/DataStore.app/DataStore";
			};
			name = Release;
		};
		530C2ED51BF5C2B1000388D3 /* Debug */ = {
			isa = XCBuildConfiguration;
			buildSettings = {
				INFOPLIST_FILE = DataStoreUITests/Info.plist;
				LD_RUNPATH_SEARCH_PATHS = "$(inherited) @executable_path/Frameworks @loader_path/Frameworks";
				PRODUCT_BUNDLE_IDENTIFIER = TC.DataStoreUITests;
				PRODUCT_NAME = "$(TARGET_NAME)";
				TEST_TARGET_NAME = DataStore;
				USES_XCTRUNNER = YES;
			};
			name = Debug;
		};
		530C2ED61BF5C2B1000388D3 /* Release */ = {
			isa = XCBuildConfiguration;
			buildSettings = {
				INFOPLIST_FILE = DataStoreUITests/Info.plist;
				LD_RUNPATH_SEARCH_PATHS = "$(inherited) @executable_path/Frameworks @loader_path/Frameworks";
				PRODUCT_BUNDLE_IDENTIFIER = TC.DataStoreUITests;
				PRODUCT_NAME = "$(TARGET_NAME)";
				TEST_TARGET_NAME = DataStore;
				USES_XCTRUNNER = YES;
			};
			name = Release;
		};
/* End XCBuildConfiguration section */

/* Begin XCConfigurationList section */
		530C2E9C1BF5C2B1000388D3 /* Build configuration list for PBXProject "DataStore" */ = {
			isa = XCConfigurationList;
			buildConfigurations = (
				530C2ECC1BF5C2B1000388D3 /* Debug */,
				530C2ECD1BF5C2B1000388D3 /* Release */,
			);
			defaultConfigurationIsVisible = 0;
			defaultConfigurationName = Release;
		};
		530C2ECE1BF5C2B1000388D3 /* Build configuration list for PBXNativeTarget "DataStore" */ = {
			isa = XCConfigurationList;
			buildConfigurations = (
				530C2ECF1BF5C2B1000388D3 /* Debug */,
				530C2ED01BF5C2B1000388D3 /* Release */,
			);
			defaultConfigurationIsVisible = 0;
		};
		530C2ED11BF5C2B1000388D3 /* Build configuration list for PBXNativeTarget "DataStoreTests" */ = {
			isa = XCConfigurationList;
			buildConfigurations = (
				530C2ED21BF5C2B1000388D3 /* Debug */,
				530C2ED31BF5C2B1000388D3 /* Release */,
			);
			defaultConfigurationIsVisible = 0;
		};
		530C2ED41BF5C2B1000388D3 /* Build configuration list for PBXNativeTarget "DataStoreUITests" */ = {
			isa = XCConfigurationList;
			buildConfigurations = (
				530C2ED51BF5C2B1000388D3 /* Debug */,
				530C2ED61BF5C2B1000388D3 /* Release */,
			);
			defaultConfigurationIsVisible = 0;
		};
/* End XCConfigurationList section */
	};
	rootObject = 530C2E991BF5C2B1000388D3 /* Project object */;
}
